
Microsoft Visual Studio Solution File, Format Version 12.00
# Visual Studio Version 16
VisualStudioVersion = 16.0.31205.134
MinimumVisualStudioVersion = 10.0.40219.1
Project("{FAE04EC0-301F-11D3-BF4B-00C04F79EFBC}") = "SistemaRRHH", "SistemaRRHH\SistemaRRHH.csproj", "{125EBD15-6612-42DA-A52D-7B5CCB57EA92}"
EndProject
Global
	GlobalSection(SolutionConfigurationPlatforms) = preSolution
		Debug|Any CPU = Debug|Any CPU
		Release|Any CPU = Release|Any CPU
	EndGlobalSection
	GlobalSection(ProjectConfigurationPlatforms) = postSolution
		{125EBD15-6612-42DA-A52D-7B5CCB57EA92}.Debug|Any CPU.ActiveCfg = Debug|Any CPU
		{125EBD15-6612-42DA-A52D-7B5CCB57EA92}.Debug|Any CPU.Build.0 = Debug|Any CPU
		{125EBD15-6612-42DA-A52D-7B5CCB57EA92}.Release|Any CPU.ActiveCfg = Release|Any CPU
		{125EBD15-6612-42DA-A52D-7B5CCB57EA92}.Release|Any CPU.Build.0 = Release|Any CPU
	EndGlobalSection
	GlobalSection(SolutionProperties) = preSolution
		HideSolutionNode = FALSE
	EndGlobalSection
	GlobalSection(ExtensibilityGlobals) = postSolution
		SolutionGuid = {89E2AF59-20B4-43CD-9F3E-A5A459CEB87F}
	EndGlobalSection
EndGlobal
